
Microsoft Visual Studio Solution File, Format Version 12.00
# Visual Studio Version 16
VisualStudioVersion = 16.0.29709.97
MinimumVisualStudioVersion = 10.0.40219.1
Project("{8BC9CEB8-8B4A-11D0-8D11-00A0C91BC942}") = "chap35", "chap35\chap35.vcxproj", "{E380D1CA-C88B-4CA9-9D87-434935D649C9}"
EndProject
Global
	GlobalSection(SolutionConfigurationPlatforms) = preSolution
		Debug|x64 = Debug|x64
		Debug|x86 = Debug|x86
		Release|x64 = Release|x64
		Release|x86 = Release|x86
	EndGlobalSection
	GlobalSection(ProjectConfigurationPlatforms) = postSolution
		{E380D1CA-C88B-4CA9-9D87-434935D649C9}.Debug|x64.ActiveCfg = Debug|x64
		{E380D1CA-C88B-4CA9-9D87-434935D649C9}.Debug|x64.Build.0 = Debug|x64
		{E380D1CA-C88B-4CA9-9D87-434935D649C9}.Debug|x86.ActiveCfg = Debug|Win32
		{E380D1CA-C88B-4CA9-9D87-434935D649C9}.Debug|x86.Build.0 = Debug|Win32
		{E380D1CA-C88B-4CA9-9D87-434935D649C9}.Release|x64.ActiveCfg = Release|x64
		{E380D1CA-C88B-4CA9-9D87-434935D649C9}.Release|x64.Build.0 = Release|x64
		{E380D1CA-C88B-4CA9-9D87-434935D649C9}.Release|x86.ActiveCfg = Release|Win32
		{E380D1CA-C88B-4CA9-9D87-434935D649C9}.Release|x86.Build.0 = Release|Win32
	EndGlobalSection
	GlobalSection(SolutionProperties) = preSolution
		HideSolutionNode = FALSE
	EndGlobalSection
	GlobalSection(ExtensibilityGlobals) = postSolution
		SolutionGuid = {25C77D63-5252-436F-ABB2-9B2ECA9D8118}
	EndGlobalSection
EndGlobal
